
Microsoft Visual Studio Solution File, Format Version 12.00
Project("{FAE04EC0-301F-11D3-BF4B-00C04F79EFBC}") = "Storage.Console", "Storage.Console\Storage.Console.csproj", "{17573765-34DB-4023-9A2F-C392304BD538}"
EndProject
Global
	GlobalSection(SolutionConfigurationPlatforms) = preSolution
		Debug|Any CPU = Debug|Any CPU
		Release|Any CPU = Release|Any CPU
	EndGlobalSection
	GlobalSection(ProjectConfigurationPlatforms) = postSolution
		{17573765-34DB-4023-9A2F-C392304BD538}.Debug|Any CPU.ActiveCfg = Debug|Any CPU
		{17573765-34DB-4023-9A2F-C392304BD538}.Debug|Any CPU.Build.0 = Debug|Any CPU
		{17573765-34DB-4023-9A2F-C392304BD538}.Release|Any CPU.ActiveCfg = Release|Any CPU
		{17573765-34DB-4023-9A2F-C392304BD538}.Release|Any CPU.Build.0 = Release|Any CPU
	EndGlobalSection
EndGlobal
