
Microsoft Visual Studio Solution File, Format Version 12.00
# Visual Studio 15
VisualStudioVersion = 15.0.28307.757
MinimumVisualStudioVersion = 10.0.40219.1
Project("{FAE04EC0-301F-11D3-BF4B-00C04F79EFBC}") = "ScreenRecorder.Android", "ScreenRecorder\ScreenRecorder.Android\ScreenRecorder.Android.csproj", "{24CE3C36-16B9-426D-AA0C-5961ECF8D88C}"
EndProject
Project("{FAE04EC0-301F-11D3-BF4B-00C04F79EFBC}") = "ScreenRecorder.iOS", "ScreenRecorder\ScreenRecorder.iOS\ScreenRecorder.iOS.csproj", "{E5B818A9-48EF-4383-9131-712D99389E1B}"
EndProject
Project("{9A19103F-16F7-4668-BE54-9A1E7A4F7556}") = "ScreenRecorder", "ScreenRecorder\ScreenRecorder\ScreenRecorder.csproj", "{DCF2404E-2285-4D3B-BEEF-73A62E076112}"
EndProject
Project("{2150E333-8FDC-42A3-9474-1A3956D46DE8}") = "only-android", "only-android", "{C0A44847-F76A-4D2F-94F8-F2B602732ED7}"
EndProject
Project("{FAE04EC0-301F-11D3-BF4B-00C04F79EFBC}") = "OnlyAndroidScreenRecorder", "OnlyAndroidScreenRecorder\OnlyAndroidScreenRecorder.csproj", "{3BC0AC7E-3B3B-4D3F-9CC0-B2BDECC460A6}"
EndProject
Global
	GlobalSection(SolutionConfigurationPlatforms) = preSolution
		Debug|Any CPU = Debug|Any CPU
		Debug|iPhone = Debug|iPhone
		Debug|iPhoneSimulator = Debug|iPhoneSimulator
		Release|Any CPU = Release|Any CPU
		Release|iPhone = Release|iPhone
		Release|iPhoneSimulator = Release|iPhoneSimulator
	EndGlobalSection
	GlobalSection(ProjectConfigurationPlatforms) = postSolution
		{24CE3C36-16B9-426D-AA0C-5961ECF8D88C}.Debug|Any CPU.ActiveCfg = Debug|Any CPU
		{24CE3C36-16B9-426D-AA0C-5961ECF8D88C}.Debug|Any CPU.Build.0 = Debug|Any CPU
		{24CE3C36-16B9-426D-AA0C-5961ECF8D88C}.Debug|Any CPU.Deploy.0 = Debug|Any CPU
		{24CE3C36-16B9-426D-AA0C-5961ECF8D88C}.Debug|iPhone.ActiveCfg = Debug|Any CPU
		{24CE3C36-16B9-426D-AA0C-5961ECF8D88C}.Debug|iPhone.Build.0 = Debug|Any CPU
		{24CE3C36-16B9-426D-AA0C-5961ECF8D88C}.Debug|iPhone.Deploy.0 = Debug|Any CPU
		{24CE3C36-16B9-426D-AA0C-5961ECF8D88C}.Debug|iPhoneSimulator.ActiveCfg = Debug|Any CPU
		{24CE3C36-16B9-426D-AA0C-5961ECF8D88C}.Debug|iPhoneSimulator.Build.0 = Debug|Any CPU
		{24CE3C36-16B9-426D-AA0C-5961ECF8D88C}.Debug|iPhoneSimulator.Deploy.0 = Debug|Any CPU
		{24CE3C36-16B9-426D-AA0C-5961ECF8D88C}.Release|Any CPU.ActiveCfg = Release|Any CPU
		{24CE3C36-16B9-426D-AA0C-5961ECF8D88C}.Release|Any CPU.Build.0 = Release|Any CPU
		{24CE3C36-16B9-426D-AA0C-5961ECF8D88C}.Release|Any CPU.Deploy.0 = Release|Any CPU
		{24CE3C36-16B9-426D-AA0C-5961ECF8D88C}.Release|iPhone.ActiveCfg = Release|Any CPU
		{24CE3C36-16B9-426D-AA0C-5961ECF8D88C}.Release|iPhone.Build.0 = Release|Any CPU
		{24CE3C36-16B9-426D-AA0C-5961ECF8D88C}.Release|iPhone.Deploy.0 = Release|Any CPU
		{24CE3C36-16B9-426D-AA0C-5961ECF8D88C}.Release|iPhoneSimulator.ActiveCfg = Release|Any CPU
		{24CE3C36-16B9-426D-AA0C-5961ECF8D88C}.Release|iPhoneSimulator.Build.0 = Release|Any CPU
		{24CE3C36-16B9-426D-AA0C-5961ECF8D88C}.Release|iPhoneSimulator.Deploy.0 = Release|Any CPU
		{E5B818A9-48EF-4383-9131-712D99389E1B}.Debug|Any CPU.ActiveCfg = Debug|iPhoneSimulator
		{E5B818A9-48EF-4383-9131-712D99389E1B}.Debug|Any CPU.Build.0 = Debug|iPhoneSimulator
		{E5B818A9-48EF-4383-9131-712D99389E1B}.Debug|Any CPU.Deploy.0 = Debug|iPhoneSimulator
		{E5B818A9-48EF-4383-9131-712D99389E1B}.Debug|iPhone.ActiveCfg = Debug|iPhone
		{E5B818A9-48EF-4383-9131-712D99389E1B}.Debug|iPhone.Build.0 = Debug|iPhone
		{E5B818A9-48EF-4383-9131-712D99389E1B}.Debug|iPhone.Deploy.0 = Debug|iPhone
		{E5B818A9-48EF-4383-9131-712D99389E1B}.Debug|iPhoneSimulator.ActiveCfg = Debug|iPhoneSimulator
		{E5B818A9-48EF-4383-9131-712D99389E1B}.Debug|iPhoneSimulator.Build.0 = Debug|iPhoneSimulator
		{E5B818A9-48EF-4383-9131-712D99389E1B}.Debug|iPhoneSimulator.Deploy.0 = Debug|iPhoneSimulator
		{E5B818A9-48EF-4383-9131-712D99389E1B}.Release|Any CPU.ActiveCfg = Release|iPhone
		{E5B818A9-48EF-4383-9131-712D99389E1B}.Release|Any CPU.Build.0 = Release|iPhone
		{E5B818A9-48EF-4383-9131-712D99389E1B}.Release|Any CPU.Deploy.0 = Release|iPhone
		{E5B818A9-48EF-4383-9131-712D99389E1B}.Release|iPhone.ActiveCfg = Release|iPhone
		{E5B818A9-48EF-4383-9131-712D99389E1B}.Release|iPhone.Build.0 = Release|iPhone
		{E5B818A9-48EF-4383-9131-712D99389E1B}.Release|iPhone.Deploy.0 = Release|iPhone
		{E5B818A9-48EF-4383-9131-712D99389E1B}.Release|iPhoneSimulator.ActiveCfg = Release|iPhoneSimulator
		{E5B818A9-48EF-4383-9131-712D99389E1B}.Release|iPhoneSimulator.Build.0 = Release|iPhoneSimulator
		{E5B818A9-48EF-4383-9131-712D99389E1B}.Release|iPhoneSimulator.Deploy.0 = Release|iPhoneSimulator
		{DCF2404E-2285-4D3B-BEEF-73A62E076112}.Debug|Any CPU.ActiveCfg = Debug|Any CPU
		{DCF2404E-2285-4D3B-BEEF-73A62E076112}.Debug|Any CPU.Build.0 = Debug|Any CPU
		{DCF2404E-2285-4D3B-BEEF-73A62E076112}.Debug|Any CPU.Deploy.0 = Debug|Any CPU
		{DCF2404E-2285-4D3B-BEEF-73A62E076112}.Debug|iPhone.ActiveCfg = Debug|Any CPU
		{DCF2404E-2285-4D3B-BEEF-73A62E076112}.Debug|iPhone.Build.0 = Debug|Any CPU
		{DCF2404E-2285-4D3B-BEEF-73A62E076112}.Debug|iPhone.Deploy.0 = Debug|Any CPU
		{DCF2404E-2285-4D3B-BEEF-73A62E076112}.Debug|iPhoneSimulator.ActiveCfg = Debug|Any CPU
		{DCF2404E-2285-4D3B-BEEF-73A62E076112}.Debug|iPhoneSimulator.Build.0 = Debug|Any CPU
		{DCF2404E-2285-4D3B-BEEF-73A62E076112}.Debug|iPhoneSimulator.Deploy.0 = Debug|Any CPU
		{DCF2404E-2285-4D3B-BEEF-73A62E076112}.Release|Any CPU.ActiveCfg = Release|Any CPU
		{DCF2404E-2285-4D3B-BEEF-73A62E076112}.Release|Any CPU.Build.0 = Release|Any CPU
		{DCF2404E-2285-4D3B-BEEF-73A62E076112}.Release|Any CPU.Deploy.0 = Release|Any CPU
		{DCF2404E-2285-4D3B-BEEF-73A62E076112}.Release|iPhone.ActiveCfg = Release|Any CPU
		{DCF2404E-2285-4D3B-BEEF-73A62E076112}.Release|iPhone.Build.0 = Release|Any CPU
		{DCF2404E-2285-4D3B-BEEF-73A62E076112}.Release|iPhone.Deploy.0 = Release|Any CPU
		{DCF2404E-2285-4D3B-BEEF-73A62E076112}.Release|iPhoneSimulator.ActiveCfg = Release|Any CPU
		{DCF2404E-2285-4D3B-BEEF-73A62E076112}.Release|iPhoneSimulator.Build.0 = Release|Any CPU
		{DCF2404E-2285-4D3B-BEEF-73A62E076112}.Release|iPhoneSimulator.Deploy.0 = Release|Any CPU
		{3BC0AC7E-3B3B-4D3F-9CC0-B2BDECC460A6}.Debug|Any CPU.ActiveCfg = Debug|Any CPU
		{3BC0AC7E-3B3B-4D3F-9CC0-B2BDECC460A6}.Debug|Any CPU.Build.0 = Debug|Any CPU
		{3BC0AC7E-3B3B-4D3F-9CC0-B2BDECC460A6}.Debug|Any CPU.Deploy.0 = Debug|Any CPU
		{3BC0AC7E-3B3B-4D3F-9CC0-B2BDECC460A6}.Debug|iPhone.ActiveCfg = Debug|Any CPU
		{3BC0AC7E-3B3B-4D3F-9CC0-B2BDECC460A6}.Debug|iPhone.Build.0 = Debug|Any CPU
		{3BC0AC7E-3B3B-4D3F-9CC0-B2BDECC460A6}.Debug|iPhone.Deploy.0 = Debug|Any CPU
		{3BC0AC7E-3B3B-4D3F-9CC0-B2BDECC460A6}.Debug|iPhoneSimulator.ActiveCfg = Debug|Any CPU
		{3BC0AC7E-3B3B-4D3F-9CC0-B2BDECC460A6}.Debug|iPhoneSimulator.Build.0 = Debug|Any CPU
		{3BC0AC7E-3B3B-4D3F-9CC0-B2BDECC460A6}.Debug|iPhoneSimulator.Deploy.0 = Debug|Any CPU
		{3BC0AC7E-3B3B-4D3F-9CC0-B2BDECC460A6}.Release|Any CPU.ActiveCfg = Release|Any CPU
		{3BC0AC7E-3B3B-4D3F-9CC0-B2BDECC460A6}.Release|Any CPU.Build.0 = Release|Any CPU
		{3BC0AC7E-3B3B-4D3F-9CC0-B2BDECC460A6}.Release|Any CPU.Deploy.0 = Release|Any CPU
		{3BC0AC7E-3B3B-4D3F-9CC0-B2BDECC460A6}.Release|iPhone.ActiveCfg = Release|Any CPU
		{3BC0AC7E-3B3B-4D3F-9CC0-B2BDECC460A6}.Release|iPhone.Build.0 = Release|Any CPU
		{3BC0AC7E-3B3B-4D3F-9CC0-B2BDECC460A6}.Release|iPhone.Deploy.0 = Release|Any CPU
		{3BC0AC7E-3B3B-4D3F-9CC0-B2BDECC460A6}.Release|iPhoneSimulator.ActiveCfg = Release|Any CPU
		{3BC0AC7E-3B3B-4D3F-9CC0-B2BDECC460A6}.Release|iPhoneSimulator.Build.0 = Release|Any CPU
		{3BC0AC7E-3B3B-4D3F-9CC0-B2BDECC460A6}.Release|iPhoneSimulator.Deploy.0 = Release|Any CPU
	EndGlobalSection
	GlobalSection(SolutionProperties) = preSolution
		HideSolutionNode = FALSE
	EndGlobalSection
	GlobalSection(NestedProjects) = preSolution
		{3BC0AC7E-3B3B-4D3F-9CC0-B2BDECC460A6} = {C0A44847-F76A-4D2F-94F8-F2B602732ED7}
	EndGlobalSection
	GlobalSection(ExtensibilityGlobals) = postSolution
		SolutionGuid = {BE7D7E91-0B5D-4A20-91F8-1CB09BF1B5DB}
	EndGlobalSection
EndGlobal
